Microsoft Visual Studio Solution File, Format Version 12.00
# Visual Studio Version 17
VisualStudioVersion = 17.10.35027.167
MinimumVisualStudioVersion = 10.0.40219.1
Project("{9A19103F-16F7-4668-BE54-9A1E7A4F7556}") = "StreamOutTest", "StreamOutTest\StreamOutTest.csproj", "{5BEDA25C-DCEC-49DC-86DD-77CC579B638C}"
EndProject
Project("{9A19103F-16F7-4668-BE54-9A1E7A4F7556}") = "Ventuz.StreamOut", "Ventuz.StreamOut\Ventuz.StreamOut.csproj", "{EDA0EBFA-19DF-4523-9378-EC44D666D450}"
EndProject
Project("{9A19103F-16F7-4668-BE54-9A1E7A4F7556}") = "StreamOutPipeExample", "Example\StreamOutPipeExample.csproj", "{C0DED9A5-6A00-4027-8DA5-E7A1DAE8AD1E}"
EndProject
Project("{2150E333-8FDC-42A3-9474-1A3956D46DE8}") = "Solution Items", "Solution Items", "{8C12A8DB-1DC1-4524-9113-FC51D240266B}"
	ProjectSection(SolutionItems) = preProject
		.gitignore = .gitignore
		LICENSE = LICENSE
		README.md = README.md
	EndProjectSection
EndProject
Global
	GlobalSection(SolutionConfigurationPlatforms) = preSolution
		Debug|Any CPU = Debug|Any CPU
		Release|Any CPU = Release|Any CPU
	EndGlobalSection
	GlobalSection(ProjectConfigurationPlatforms) = postSolution
		{C0DED9A5-6A00-4027-8DA5-E7A1DAE8AD1E}.Debug|Any CPU.ActiveCfg = Debug|Any CPU
		{C0DED9A5-6A00-4027-8DA5-E7A1DAE8AD1E}.Debug|Any CPU.Build.0 = Debug|Any CPU
		{C0DED9A5-6A00-4027-8DA5-E7A1DAE8AD1E}.Release|Any CPU.ActiveCfg = Release|Any CPU
		{C0DED9A5-6A00-4027-8DA5-E7A1DAE8AD1E}.Release|Any CPU.Build.0 = Release|Any CPU
		{5BEDA25C-DCEC-49DC-86DD-77CC579B638C}.Debug|Any CPU.ActiveCfg = Debug|Any CPU
		{5BEDA25C-DCEC-49DC-86DD-77CC579B638C}.Debug|Any CPU.Build.0 = Debug|Any CPU
		{5BEDA25C-DCEC-49DC-86DD-77CC579B638C}.Release|Any CPU.ActiveCfg = Release|Any CPU
		{5BEDA25C-DCEC-49DC-86DD-77CC579B638C}.Release|Any CPU.Build.0 = Release|Any CPU
		{EDA0EBFA-19DF-4523-9378-EC44D666D450}.Debug|Any CPU.ActiveCfg = Debug|Any CPU
		{EDA0EBFA-19DF-4523-9378-EC44D666D450}.Debug|Any CPU.Build.0 = Debug|Any CPU
		{EDA0EBFA-19DF-4523-9378-EC44D666D450}.Release|Any CPU.ActiveCfg = Release|Any CPU
		{EDA0EBFA-19DF-4523-9378-EC44D666D450}.Release|Any CPU.Build.0 = Release|Any CPU
	EndGlobalSection
	GlobalSection(SolutionProperties) = preSolution
		HideSolutionNode = FALSE
	EndGlobalSection
	GlobalSection(ExtensibilityGlobals) = postSolution
		SolutionGuid = {92E65F88-71EB-48DF-BE3E-B0D0F607E473}
	EndGlobalSection
EndGlobal
